
Microsoft Visual Studio Solution File, Format Version 12.00
# Visual Studio 15
VisualStudioVersion = 15.0.27703.2035
MinimumVisualStudioVersion = 10.0.40219.1
Project("{FAE04EC0-301F-11D3-BF4B-00C04F79EFBC}") = "HintPics", "HintPics\HintPics.csproj", "{90ACB1EE-4AC9-40E0-88A5-74ADEB2B978A}"
EndProject
Global
	GlobalSection(SolutionConfigurationPlatforms) = preSolution
		Debug|Any CPU = Debug|Any CPU
		Release|Any CPU = Release|Any CPU
	EndGlobalSection
	GlobalSection(ProjectConfigurationPlatforms) = postSolution
		{90ACB1EE-4AC9-40E0-88A5-74ADEB2B978A}.Debug|Any CPU.ActiveCfg = Debug|Any CPU
		{90ACB1EE-4AC9-40E0-88A5-74ADEB2B978A}.Debug|Any CPU.Build.0 = Debug|Any CPU
		{90ACB1EE-4AC9-40E0-88A5-74ADEB2B978A}.Release|Any CPU.ActiveCfg = Release|Any CPU
		{90ACB1EE-4AC9-40E0-88A5-74ADEB2B978A}.Release|Any CPU.Build.0 = Release|Any CPU
	EndGlobalSection
	GlobalSection(SolutionProperties) = preSolution
		HideSolutionNode = FALSE
	EndGlobalSection
	GlobalSection(ExtensibilityGlobals) = postSolution
		SolutionGuid = {D19F7122-FB10-4C2A-9D4C-92DF151A58EE}
	EndGlobalSection
EndGlobal
